
Microsoft Visual Studio Solution File, Format Version 12.00
# Visual Studio Version 17
VisualStudioVersion = 17.4.33205.214
MinimumVisualStudioVersion = 10.0.40219.1
Project("{9A19103F-16F7-4668-BE54-9A1E7A4F7556}") = "Abstracao1", "Abstracao1\Abstracao1.csproj", "{99D19043-9B28-4102-BAF2-FC1345098E11}"
EndProject
Project("{9A19103F-16F7-4668-BE54-9A1E7A4F7556}") = "Abstracao2", "Abstracao2\Abstracao2.csproj", "{242EF25E-1D95-4D62-92CA-B0D524E9D854}"
EndProject
Project("{9A19103F-16F7-4668-BE54-9A1E7A4F7556}") = "Abstracao3", "Abstracao3\Abstracao3.csproj", "{A1E28624-9E8C-4D89-AD74-2B7230F77BAE}"
EndProject
Project("{9A19103F-16F7-4668-BE54-9A1E7A4F7556}") = "Abstracao4", "Abstracao4\Abstracao4.csproj", "{E28E2DAC-1D24-4346-8C51-76DBB89264B9}"
EndProject
Project("{FAE04EC0-301F-11D3-BF4B-00C04F79EFBC}") = "Interface1", "Interface1\Interface1.csproj", "{ACF9CC61-290D-47C5-A069-F698E3F26C26}"
EndProject
Project("{2150E333-8FDC-42A3-9474-1A3956D46DE8}") = "Abstração", "Abstração", "{D7D0D719-6B9C-494A-9EC5-52F935183F54}"
EndProject
Project("{FAE04EC0-301F-11D3-BF4B-00C04F79EFBC}") = "Interface2", "Interface2\Interface2.csproj", "{891EB640-9BD3-4E5E-A1A2-7FCA6B21D19B}"
EndProject
Project("{FAE04EC0-301F-11D3-BF4B-00C04F79EFBC}") = "Interface3", "Interface3\Interface3.csproj", "{079190B5-6F39-44AB-BF8C-42AEA4CBEBAB}"
EndProject
Project("{FAE04EC0-301F-11D3-BF4B-00C04F79EFBC}") = "Interface4", "Interface4\Interface4.csproj", "{9EC9A6A2-7ABE-431C-80B2-0E57A9EF9EE3}"
EndProject
Project("{2150E333-8FDC-42A3-9474-1A3956D46DE8}") = "Interface", "Interface", "{A8C5E339-EE43-4F68-BEA8-564942615296}"
EndProject
Global
	GlobalSection(SolutionConfigurationPlatforms) = preSolution
		Debug|Any CPU = Debug|Any CPU
		Release|Any CPU = Release|Any CPU
	EndGlobalSection
	GlobalSection(ProjectConfigurationPlatforms) = postSolution
		{99D19043-9B28-4102-BAF2-FC1345098E11}.Debug|Any CPU.ActiveCfg = Debug|Any CPU
		{99D19043-9B28-4102-BAF2-FC1345098E11}.Debug|Any CPU.Build.0 = Debug|Any CPU
		{99D19043-9B28-4102-BAF2-FC1345098E11}.Release|Any CPU.ActiveCfg = Release|Any CPU
		{99D19043-9B28-4102-BAF2-FC1345098E11}.Release|Any CPU.Build.0 = Release|Any CPU
		{242EF25E-1D95-4D62-92CA-B0D524E9D854}.Debug|Any CPU.ActiveCfg = Debug|Any CPU
		{242EF25E-1D95-4D62-92CA-B0D524E9D854}.Debug|Any CPU.Build.0 = Debug|Any CPU
		{242EF25E-1D95-4D62-92CA-B0D524E9D854}.Release|Any CPU.ActiveCfg = Release|Any CPU
		{242EF25E-1D95-4D62-92CA-B0D524E9D854}.Release|Any CPU.Build.0 = Release|Any CPU
		{A1E28624-9E8C-4D89-AD74-2B7230F77BAE}.Debug|Any CPU.ActiveCfg = Debug|Any CPU
		{A1E28624-9E8C-4D89-AD74-2B7230F77BAE}.Debug|Any CPU.Build.0 = Debug|Any CPU
		{A1E28624-9E8C-4D89-AD74-2B7230F77BAE}.Release|Any CPU.ActiveCfg = Release|Any CPU
		{A1E28624-9E8C-4D89-AD74-2B7230F77BAE}.Release|Any CPU.Build.0 = Release|Any CPU
		{E28E2DAC-1D24-4346-8C51-76DBB89264B9}.Debug|Any CPU.ActiveCfg = Debug|Any CPU
		{E28E2DAC-1D24-4346-8C51-76DBB89264B9}.Debug|Any CPU.Build.0 = Debug|Any CPU
		{E28E2DAC-1D24-4346-8C51-76DBB89264B9}.Release|Any CPU.ActiveCfg = Release|Any CPU
		{E28E2DAC-1D24-4346-8C51-76DBB89264B9}.Release|Any CPU.Build.0 = Release|Any CPU
		{ACF9CC61-290D-47C5-A069-F698E3F26C26}.Debug|Any CPU.ActiveCfg = Debug|Any CPU
		{ACF9CC61-290D-47C5-A069-F698E3F26C26}.Debug|Any CPU.Build.0 = Debug|Any CPU
		{ACF9CC61-290D-47C5-A069-F698E3F26C26}.Release|Any CPU.ActiveCfg = Release|Any CPU
		{ACF9CC61-290D-47C5-A069-F698E3F26C26}.Release|Any CPU.Build.0 = Release|Any CPU
		{891EB640-9BD3-4E5E-A1A2-7FCA6B21D19B}.Debug|Any CPU.ActiveCfg = Debug|Any CPU
		{891EB640-9BD3-4E5E-A1A2-7FCA6B21D19B}.Debug|Any CPU.Build.0 = Debug|Any CPU
		{891EB640-9BD3-4E5E-A1A2-7FCA6B21D19B}.Release|Any CPU.ActiveCfg = Release|Any CPU
		{891EB640-9BD3-4E5E-A1A2-7FCA6B21D19B}.Release|Any CPU.Build.0 = Release|Any CPU
		{079190B5-6F39-44AB-BF8C-42AEA4CBEBAB}.Debug|Any CPU.ActiveCfg = Debug|Any CPU
		{079190B5-6F39-44AB-BF8C-42AEA4CBEBAB}.Debug|Any CPU.Build.0 = Debug|Any CPU
		{079190B5-6F39-44AB-BF8C-42AEA4CBEBAB}.Release|Any CPU.ActiveCfg = Release|Any CPU
		{079190B5-6F39-44AB-BF8C-42AEA4CBEBAB}.Release|Any CPU.Build.0 = Release|Any CPU
		{9EC9A6A2-7ABE-431C-80B2-0E57A9EF9EE3}.Debug|Any CPU.ActiveCfg = Debug|Any CPU
		{9EC9A6A2-7ABE-431C-80B2-0E57A9EF9EE3}.Debug|Any CPU.Build.0 = Debug|Any CPU
		{9EC9A6A2-7ABE-431C-80B2-0E57A9EF9EE3}.Release|Any CPU.ActiveCfg = Release|Any CPU
		{9EC9A6A2-7ABE-431C-80B2-0E57A9EF9EE3}.Release|Any CPU.Build.0 = Release|Any CPU
	EndGlobalSection
	GlobalSection(SolutionProperties) = preSolution
		HideSolutionNode = FALSE
	EndGlobalSection
	GlobalSection(NestedProjects) = preSolution
		{99D19043-9B28-4102-BAF2-FC1345098E11} = {D7D0D719-6B9C-494A-9EC5-52F935183F54}
		{242EF25E-1D95-4D62-92CA-B0D524E9D854} = {D7D0D719-6B9C-494A-9EC5-52F935183F54}
		{A1E28624-9E8C-4D89-AD74-2B7230F77BAE} = {D7D0D719-6B9C-494A-9EC5-52F935183F54}
		{E28E2DAC-1D24-4346-8C51-76DBB89264B9} = {D7D0D719-6B9C-494A-9EC5-52F935183F54}
		{ACF9CC61-290D-47C5-A069-F698E3F26C26} = {A8C5E339-EE43-4F68-BEA8-564942615296}
		{891EB640-9BD3-4E5E-A1A2-7FCA6B21D19B} = {A8C5E339-EE43-4F68-BEA8-564942615296}
		{079190B5-6F39-44AB-BF8C-42AEA4CBEBAB} = {A8C5E339-EE43-4F68-BEA8-564942615296}
		{9EC9A6A2-7ABE-431C-80B2-0E57A9EF9EE3} = {A8C5E339-EE43-4F68-BEA8-564942615296}
	EndGlobalSection
	GlobalSection(ExtensibilityGlobals) = postSolution
		SolutionGuid = {8C70E763-E3F0-4551-AAE4-EDFA87C026A3}
	EndGlobalSection
EndGlobal
