
Microsoft Visual Studio Solution File, Format Version 12.00
# Visual Studio Version 17
VisualStudioVersion = 17.4.33205.214
MinimumVisualStudioVersion = 10.0.40219.1
Project("{9A19103F-16F7-4668-BE54-9A1E7A4F7556}") = "Abstracao1", "Abstracao1\Abstracao1.csproj", "{99D19043-9B28-4102-BAF2-FC1345098E11}"
EndProject
Project("{9A19103F-16F7-4668-BE54-9A1E7A4F7556}") = "Abstracao2", "Abstracao2\Abstracao2.csproj", "{242EF25E-1D95-4D62-92CA-B0D524E9D854}"
EndProject
Project("{9A19103F-16F7-4668-BE54-9A1E7A4F7556}") = "Abstracao3", "Abstracao3\Abstracao3.csproj", "{A1E28624-9E8C-4D89-AD74-2B7230F77BAE}"
EndProject
Project("{9A19103F-16F7-4668-BE54-9A1E7A4F7556}") = "Abstracao4", "Abstracao4\Abstracao4.csproj", "{E28E2DAC-1D24-4346-8C51-76DBB89264B9}"
EndProject
Project("{9A19103F-16F7-4668-BE54-9A1E7A4F7556}") = "Interface1", "Interface1\Interface1.csproj", "{ACF9CC61-290D-47C5-A069-F698E3F26C26}"
EndProject
Project("{2150E333-8FDC-42A3-9474-1A3956D46DE8}") = "Abstração", "Abstração", "{D7D0D719-6B9C-494A-9EC5-52F935183F54}"
EndProject
Project("{9A19103F-16F7-4668-BE54-9A1E7A4F7556}") = "Interface2", "Interface2\Interface2.csproj", "{891EB640-9BD3-4E5E-A1A2-7FCA6B21D19B}"
EndProject
Project("{9A19103F-16F7-4668-BE54-9A1E7A4F7556}") = "Interface3", "Interface3\Interface3.csproj", "{079190B5-6F39-44AB-BF8C-42AEA4CBEBAB}"
EndProject
Project("{9A19103F-16F7-4668-BE54-9A1E7A4F7556}") = "Interface4", "Interface4\Interface4.csproj", "{9EC9A6A2-7ABE-431C-80B2-0E57A9EF9EE3}"
EndProject
Project("{2150E333-8FDC-42A3-9474-1A3956D46DE8}") = "Interface", "Interface", "{A8C5E339-EE43-4F68-BEA8-564942615296}"
EndProject
Project("{9A19103F-16F7-4668-BE54-9A1E7A4F7556}") = "Reflexao", "Reflection\Reflexao.csproj", "{1EEE1A64-DF96-47CC-ADFD-627D51700022}"
EndProject
Project("{2150E333-8FDC-42A3-9474-1A3956D46DE8}") = "Reflection", "Reflection", "{B369C2DA-9B2B-4EDA-8CBA-529116482876}"
EndProject
Project("{9A19103F-16F7-4668-BE54-9A1E7A4F7556}") = "Reflection1", "Reflection1\Reflection1.csproj", "{61E58A4C-BFC0-4E91-9FAA-556F724345C4}"
EndProject
Project("{9A19103F-16F7-4668-BE54-9A1E7A4F7556}") = "Refletion2", "Refletion2\Refletion2.csproj", "{992B3099-2F02-4B06-AB50-071142F50DB0}"
EndProject
Project("{9A19103F-16F7-4668-BE54-9A1E7A4F7556}") = "Refletion3", "Refletion3\Refletion3.csproj", "{15F00CA2-E45A-43B1-A1BC-2083A3146EE1}"
EndProject
Project("{9A19103F-16F7-4668-BE54-9A1E7A4F7556}") = "Refletion4", "Refletion4\Refletion4.csproj", "{E35F9B27-1712-4CC7-8229-6989D9A6A857}"
EndProject
Project("{9A19103F-16F7-4668-BE54-9A1E7A4F7556}") = "Generics1", "Generics\Generics1.csproj", "{F42E7F16-D566-4C55-BF5A-9750F9961C28}"
EndProject
Project("{2150E333-8FDC-42A3-9474-1A3956D46DE8}") = "Generics", "Generics", "{EF9AA8BE-92D3-431D-95F2-1798957EAB82}"
EndProject
Project("{2150E333-8FDC-42A3-9474-1A3956D46DE8}") = "Exercicios", "Exercicios", "{6C86660D-36DE-4B33-8220-29E749B65DC1}"
EndProject
Project("{9A19103F-16F7-4668-BE54-9A1E7A4F7556}") = "GerenciamentoEmpresas", "GerenciamentoEmpresas\GerenciamentoEmpresas.csproj", "{F9A78E2D-7653-4AD2-9FFA-94BF08C84CD3}"
EndProject
Project("{9A19103F-16F7-4668-BE54-9A1E7A4F7556}") = "GerenciamentoEmpresaInterface", "GerenciamentoEmpresaInterface\GerenciamentoEmpresaInterface.csproj", "{293C5469-E9D7-4202-BE4C-DEB88B733520}"
EndProject
Project("{2150E333-8FDC-42A3-9474-1A3956D46DE8}") = "ID", "ID", "{9EA177CF-2B7A-413B-BB1B-69679058AA89}"
EndProject
Project("{FAE04EC0-301F-11D3-BF4B-00C04F79EFBC}") = "Cinema", "Cinema\Cinema.csproj", "{7178E107-8EE3-4960-BBE8-465D46DDCF78}"
EndProject
Global
	GlobalSection(SolutionConfigurationPlatforms) = preSolution
		Debug|Any CPU = Debug|Any CPU
		Release|Any CPU = Release|Any CPU
	EndGlobalSection
	GlobalSection(ProjectConfigurationPlatforms) = postSolution
		{99D19043-9B28-4102-BAF2-FC1345098E11}.Debug|Any CPU.ActiveCfg = Debug|Any CPU
		{99D19043-9B28-4102-BAF2-FC1345098E11}.Debug|Any CPU.Build.0 = Debug|Any CPU
		{99D19043-9B28-4102-BAF2-FC1345098E11}.Release|Any CPU.ActiveCfg = Release|Any CPU
		{99D19043-9B28-4102-BAF2-FC1345098E11}.Release|Any CPU.Build.0 = Release|Any CPU
		{242EF25E-1D95-4D62-92CA-B0D524E9D854}.Debug|Any CPU.ActiveCfg = Debug|Any CPU
		{242EF25E-1D95-4D62-92CA-B0D524E9D854}.Debug|Any CPU.Build.0 = Debug|Any CPU
		{242EF25E-1D95-4D62-92CA-B0D524E9D854}.Release|Any CPU.ActiveCfg = Release|Any CPU
		{242EF25E-1D95-4D62-92CA-B0D524E9D854}.Release|Any CPU.Build.0 = Release|Any CPU
		{A1E28624-9E8C-4D89-AD74-2B7230F77BAE}.Debug|Any CPU.ActiveCfg = Debug|Any CPU
		{A1E28624-9E8C-4D89-AD74-2B7230F77BAE}.Debug|Any CPU.Build.0 = Debug|Any CPU
		{A1E28624-9E8C-4D89-AD74-2B7230F77BAE}.Release|Any CPU.ActiveCfg = Release|Any CPU
		{A1E28624-9E8C-4D89-AD74-2B7230F77BAE}.Release|Any CPU.Build.0 = Release|Any CPU
		{E28E2DAC-1D24-4346-8C51-76DBB89264B9}.Debug|Any CPU.ActiveCfg = Debug|Any CPU
		{E28E2DAC-1D24-4346-8C51-76DBB89264B9}.Debug|Any CPU.Build.0 = Debug|Any CPU
		{E28E2DAC-1D24-4346-8C51-76DBB89264B9}.Release|Any CPU.ActiveCfg = Release|Any CPU
		{E28E2DAC-1D24-4346-8C51-76DBB89264B9}.Release|Any CPU.Build.0 = Release|Any CPU
		{ACF9CC61-290D-47C5-A069-F698E3F26C26}.Debug|Any CPU.ActiveCfg = Debug|Any CPU
		{ACF9CC61-290D-47C5-A069-F698E3F26C26}.Debug|Any CPU.Build.0 = Debug|Any CPU
		{ACF9CC61-290D-47C5-A069-F698E3F26C26}.Release|Any CPU.ActiveCfg = Release|Any CPU
		{ACF9CC61-290D-47C5-A069-F698E3F26C26}.Release|Any CPU.Build.0 = Release|Any CPU
		{891EB640-9BD3-4E5E-A1A2-7FCA6B21D19B}.Debug|Any CPU.ActiveCfg = Debug|Any CPU
		{891EB640-9BD3-4E5E-A1A2-7FCA6B21D19B}.Debug|Any CPU.Build.0 = Debug|Any CPU
		{891EB640-9BD3-4E5E-A1A2-7FCA6B21D19B}.Release|Any CPU.ActiveCfg = Release|Any CPU
		{891EB640-9BD3-4E5E-A1A2-7FCA6B21D19B}.Release|Any CPU.Build.0 = Release|Any CPU
		{079190B5-6F39-44AB-BF8C-42AEA4CBEBAB}.Debug|Any CPU.ActiveCfg = Debug|Any CPU
		{079190B5-6F39-44AB-BF8C-42AEA4CBEBAB}.Debug|Any CPU.Build.0 = Debug|Any CPU
		{079190B5-6F39-44AB-BF8C-42AEA4CBEBAB}.Release|Any CPU.ActiveCfg = Release|Any CPU
		{079190B5-6F39-44AB-BF8C-42AEA4CBEBAB}.Release|Any CPU.Build.0 = Release|Any CPU
		{9EC9A6A2-7ABE-431C-80B2-0E57A9EF9EE3}.Debug|Any CPU.ActiveCfg = Debug|Any CPU
		{9EC9A6A2-7ABE-431C-80B2-0E57A9EF9EE3}.Debug|Any CPU.Build.0 = Debug|Any CPU
		{9EC9A6A2-7ABE-431C-80B2-0E57A9EF9EE3}.Release|Any CPU.ActiveCfg = Release|Any CPU
		{9EC9A6A2-7ABE-431C-80B2-0E57A9EF9EE3}.Release|Any CPU.Build.0 = Release|Any CPU
		{1EEE1A64-DF96-47CC-ADFD-627D51700022}.Debug|Any CPU.ActiveCfg = Debug|Any CPU
		{1EEE1A64-DF96-47CC-ADFD-627D51700022}.Debug|Any CPU.Build.0 = Debug|Any CPU
		{1EEE1A64-DF96-47CC-ADFD-627D51700022}.Release|Any CPU.ActiveCfg = Release|Any CPU
		{1EEE1A64-DF96-47CC-ADFD-627D51700022}.Release|Any CPU.Build.0 = Release|Any CPU
		{61E58A4C-BFC0-4E91-9FAA-556F724345C4}.Debug|Any CPU.ActiveCfg = Debug|Any CPU
		{61E58A4C-BFC0-4E91-9FAA-556F724345C4}.Debug|Any CPU.Build.0 = Debug|Any CPU
		{61E58A4C-BFC0-4E91-9FAA-556F724345C4}.Release|Any CPU.ActiveCfg = Release|Any CPU
		{61E58A4C-BFC0-4E91-9FAA-556F724345C4}.Release|Any CPU.Build.0 = Release|Any CPU
		{992B3099-2F02-4B06-AB50-071142F50DB0}.Debug|Any CPU.ActiveCfg = Debug|Any CPU
		{992B3099-2F02-4B06-AB50-071142F50DB0}.Debug|Any CPU.Build.0 = Debug|Any CPU
		{992B3099-2F02-4B06-AB50-071142F50DB0}.Release|Any CPU.ActiveCfg = Release|Any CPU
		{992B3099-2F02-4B06-AB50-071142F50DB0}.Release|Any CPU.Build.0 = Release|Any CPU
		{15F00CA2-E45A-43B1-A1BC-2083A3146EE1}.Debug|Any CPU.ActiveCfg = Debug|Any CPU
		{15F00CA2-E45A-43B1-A1BC-2083A3146EE1}.Debug|Any CPU.Build.0 = Debug|Any CPU
		{15F00CA2-E45A-43B1-A1BC-2083A3146EE1}.Release|Any CPU.ActiveCfg = Release|Any CPU
		{15F00CA2-E45A-43B1-A1BC-2083A3146EE1}.Release|Any CPU.Build.0 = Release|Any CPU
		{E35F9B27-1712-4CC7-8229-6989D9A6A857}.Debug|Any CPU.ActiveCfg = Debug|Any CPU
		{E35F9B27-1712-4CC7-8229-6989D9A6A857}.Debug|Any CPU.Build.0 = Debug|Any CPU
		{E35F9B27-1712-4CC7-8229-6989D9A6A857}.Release|Any CPU.ActiveCfg = Release|Any CPU
		{E35F9B27-1712-4CC7-8229-6989D9A6A857}.Release|Any CPU.Build.0 = Release|Any CPU
		{F42E7F16-D566-4C55-BF5A-9750F9961C28}.Debug|Any CPU.ActiveCfg = Debug|Any CPU
		{F42E7F16-D566-4C55-BF5A-9750F9961C28}.Debug|Any CPU.Build.0 = Debug|Any CPU
		{F42E7F16-D566-4C55-BF5A-9750F9961C28}.Release|Any CPU.ActiveCfg = Release|Any CPU
		{F42E7F16-D566-4C55-BF5A-9750F9961C28}.Release|Any CPU.Build.0 = Release|Any CPU
		{F9A78E2D-7653-4AD2-9FFA-94BF08C84CD3}.Debug|Any CPU.ActiveCfg = Debug|Any CPU
		{F9A78E2D-7653-4AD2-9FFA-94BF08C84CD3}.Debug|Any CPU.Build.0 = Debug|Any CPU
		{F9A78E2D-7653-4AD2-9FFA-94BF08C84CD3}.Release|Any CPU.ActiveCfg = Release|Any CPU
		{F9A78E2D-7653-4AD2-9FFA-94BF08C84CD3}.Release|Any CPU.Build.0 = Release|Any CPU
		{293C5469-E9D7-4202-BE4C-DEB88B733520}.Debug|Any CPU.ActiveCfg = Debug|Any CPU
		{293C5469-E9D7-4202-BE4C-DEB88B733520}.Debug|Any CPU.Build.0 = Debug|Any CPU
		{293C5469-E9D7-4202-BE4C-DEB88B733520}.Release|Any CPU.ActiveCfg = Release|Any CPU
		{293C5469-E9D7-4202-BE4C-DEB88B733520}.Release|Any CPU.Build.0 = Release|Any CPU
		{7178E107-8EE3-4960-BBE8-465D46DDCF78}.Debug|Any CPU.ActiveCfg = Debug|Any CPU
		{7178E107-8EE3-4960-BBE8-465D46DDCF78}.Debug|Any CPU.Build.0 = Debug|Any CPU
		{7178E107-8EE3-4960-BBE8-465D46DDCF78}.Release|Any CPU.ActiveCfg = Release|Any CPU
		{7178E107-8EE3-4960-BBE8-465D46DDCF78}.Release|Any CPU.Build.0 = Release|Any CPU
	EndGlobalSection
	GlobalSection(SolutionProperties) = preSolution
		HideSolutionNode = FALSE
	EndGlobalSection
	GlobalSection(NestedProjects) = preSolution
		{99D19043-9B28-4102-BAF2-FC1345098E11} = {D7D0D719-6B9C-494A-9EC5-52F935183F54}
		{242EF25E-1D95-4D62-92CA-B0D524E9D854} = {D7D0D719-6B9C-494A-9EC5-52F935183F54}
		{A1E28624-9E8C-4D89-AD74-2B7230F77BAE} = {D7D0D719-6B9C-494A-9EC5-52F935183F54}
		{E28E2DAC-1D24-4346-8C51-76DBB89264B9} = {D7D0D719-6B9C-494A-9EC5-52F935183F54}
		{ACF9CC61-290D-47C5-A069-F698E3F26C26} = {A8C5E339-EE43-4F68-BEA8-564942615296}
		{891EB640-9BD3-4E5E-A1A2-7FCA6B21D19B} = {A8C5E339-EE43-4F68-BEA8-564942615296}
		{079190B5-6F39-44AB-BF8C-42AEA4CBEBAB} = {A8C5E339-EE43-4F68-BEA8-564942615296}
		{9EC9A6A2-7ABE-431C-80B2-0E57A9EF9EE3} = {A8C5E339-EE43-4F68-BEA8-564942615296}
		{1EEE1A64-DF96-47CC-ADFD-627D51700022} = {B369C2DA-9B2B-4EDA-8CBA-529116482876}
		{61E58A4C-BFC0-4E91-9FAA-556F724345C4} = {B369C2DA-9B2B-4EDA-8CBA-529116482876}
		{992B3099-2F02-4B06-AB50-071142F50DB0} = {B369C2DA-9B2B-4EDA-8CBA-529116482876}
		{15F00CA2-E45A-43B1-A1BC-2083A3146EE1} = {B369C2DA-9B2B-4EDA-8CBA-529116482876}
		{E35F9B27-1712-4CC7-8229-6989D9A6A857} = {B369C2DA-9B2B-4EDA-8CBA-529116482876}
		{F42E7F16-D566-4C55-BF5A-9750F9961C28} = {EF9AA8BE-92D3-431D-95F2-1798957EAB82}
		{F9A78E2D-7653-4AD2-9FFA-94BF08C84CD3} = {6C86660D-36DE-4B33-8220-29E749B65DC1}
		{293C5469-E9D7-4202-BE4C-DEB88B733520} = {6C86660D-36DE-4B33-8220-29E749B65DC1}
		{7178E107-8EE3-4960-BBE8-465D46DDCF78} = {9EA177CF-2B7A-413B-BB1B-69679058AA89}
	EndGlobalSection
	GlobalSection(ExtensibilityGlobals) = postSolution
		SolutionGuid = {8C70E763-E3F0-4551-AAE4-EDFA87C026A3}
	EndGlobalSection
EndGlobal
